
Microsoft Visual Studio Solution File, Format Version 12.00
# Visual Studio Version 17
VisualStudioVersion = 17.0.31903.59
MinimumVisualStudioVersion = 10.0.40219.1
Project("{2150E333-8FDC-42A3-9474-1A3956D46DE8}") = "src", "src", "{853CDC6E-B088-4B33-BA4F-77BDDECD61C6}"
EndProject
Project("{FAE04EC0-301F-11D3-BF4B-00C04F79EFBC}") = "MetaGrid.Core", "src\MetaGrid.Core\MetaGrid.Core.csproj", "{2319DE08-1A4D-4BB7-94B0-0AF4B2636042}"
EndProject
Project("{FAE04EC0-301F-11D3-BF4B-00C04F79EFBC}") = "MetaGrid.Infrastructure", "src\MetaGrid.Infrastructure\MetaGrid.Infrastructure.csproj", "{84604DEA-98E2-4B0B-99D1-139000455919}"
EndProject
Project("{FAE04EC0-301F-11D3-BF4B-00C04F79EFBC}") = "MetaGrid.UI", "src\MetaGrid.UI\MetaGrid.UI.csproj", "{838FAD81-B4EA-48F0-BCA4-E2EC80904B0D}"
EndProject
Project("{2150E333-8FDC-42A3-9474-1A3956D46DE8}") = "tests", "tests", "{74B5E57A-1705-4C9D-9D65-1A324E45D438}"
EndProject
Project("{FAE04EC0-301F-11D3-BF4B-00C04F79EFBC}") = "MetaGrid.Tests", "tests\MetaGrid.Tests\MetaGrid.Tests.csproj", "{59C03230-B24C-43E4-B320-A21AAC9DD6AE}"
EndProject
Global
	GlobalSection(SolutionConfigurationPlatforms) = preSolution
		Debug|Any CPU = Debug|Any CPU
		Release|Any CPU = Release|Any CPU
	EndGlobalSection
	GlobalSection(SolutionProperties) = preSolution
		HideSolutionNode = FALSE
	EndGlobalSection
	GlobalSection(ProjectConfigurationPlatforms) = postSolution
		{2319DE08-1A4D-4BB7-94B0-0AF4B2636042}.Debug|Any CPU.ActiveCfg = Debug|Any CPU
		{2319DE08-1A4D-4BB7-94B0-0AF4B2636042}.Debug|Any CPU.Build.0 = Debug|Any CPU
		{2319DE08-1A4D-4BB7-94B0-0AF4B2636042}.Release|Any CPU.ActiveCfg = Release|Any CPU
		{2319DE08-1A4D-4BB7-94B0-0AF4B2636042}.Release|Any CPU.Build.0 = Release|Any CPU
		{84604DEA-98E2-4B0B-99D1-139000455919}.Debug|Any CPU.ActiveCfg = Debug|Any CPU
		{84604DEA-98E2-4B0B-99D1-139000455919}.Debug|Any CPU.Build.0 = Debug|Any CPU
		{84604DEA-98E2-4B0B-99D1-139000455919}.Release|Any CPU.ActiveCfg = Release|Any CPU
		{84604DEA-98E2-4B0B-99D1-139000455919}.Release|Any CPU.Build.0 = Release|Any CPU
		{838FAD81-B4EA-48F0-BCA4-E2EC80904B0D}.Debug|Any CPU.ActiveCfg = Debug|Any CPU
		{838FAD81-B4EA-48F0-BCA4-E2EC80904B0D}.Debug|Any CPU.Build.0 = Debug|Any CPU
		{838FAD81-B4EA-48F0-BCA4-E2EC80904B0D}.Release|Any CPU.ActiveCfg = Release|Any CPU
		{838FAD81-B4EA-48F0-BCA4-E2EC80904B0D}.Release|Any CPU.Build.0 = Release|Any CPU
		{59C03230-B24C-43E4-B320-A21AAC9DD6AE}.Debug|Any CPU.ActiveCfg = Debug|Any CPU
		{59C03230-B24C-43E4-B320-A21AAC9DD6AE}.Debug|Any CPU.Build.0 = Debug|Any CPU
		{59C03230-B24C-43E4-B320-A21AAC9DD6AE}.Release|Any CPU.ActiveCfg = Release|Any CPU
		{59C03230-B24C-43E4-B320-A21AAC9DD6AE}.Release|Any CPU.Build.0 = Release|Any CPU
	EndGlobalSection
	GlobalSection(NestedProjects) = preSolution
		{2319DE08-1A4D-4BB7-94B0-0AF4B2636042} = {853CDC6E-B088-4B33-BA4F-77BDDECD61C6}
		{84604DEA-98E2-4B0B-99D1-139000455919} = {853CDC6E-B088-4B33-BA4F-77BDDECD61C6}
		{838FAD81-B4EA-48F0-BCA4-E2EC80904B0D} = {853CDC6E-B088-4B33-BA4F-77BDDECD61C6}
		{59C03230-B24C-43E4-B320-A21AAC9DD6AE} = {74B5E57A-1705-4C9D-9D65-1A324E45D438}
	EndGlobalSection
EndGlobal
